
Microsoft Visual Studio Solution File, Format Version 12.00
# Visual Studio Version 17
VisualStudioVersion = 17.3.32929.385
MinimumVisualStudioVersion = 10.0.40219.1
Project("{9A19103F-16F7-4668-BE54-9A1E7A4F7556}") = "PcStation", "PcStation\PcStation.csproj", "{EA126ACD-3211-4E30-BBCE-1AFF2E90F788}"
EndProject
Project("{FAE04EC0-301F-11D3-BF4B-00C04F79EFBC}") = "ProductXmlReader", "ProductXmlReader\ProductXmlReader.csproj", "{6006E2D6-454E-4D23-AD12-BE90BF1E84ED}"
EndProject
Global
	GlobalSection(SolutionConfigurationPlatforms) = preSolution
		Debug|Any CPU = Debug|Any CPU
		Release|Any CPU = Release|Any CPU
	EndGlobalSection
	GlobalSection(ProjectConfigurationPlatforms) = postSolution
		{EA126ACD-3211-4E30-BBCE-1AFF2E90F788}.Debug|Any CPU.ActiveCfg = Debug|Any CPU
		{EA126ACD-3211-4E30-BBCE-1AFF2E90F788}.Debug|Any CPU.Build.0 = Debug|Any CPU
		{EA126ACD-3211-4E30-BBCE-1AFF2E90F788}.Release|Any CPU.ActiveCfg = Release|Any CPU
		{EA126ACD-3211-4E30-BBCE-1AFF2E90F788}.Release|Any CPU.Build.0 = Release|Any CPU
		{6006E2D6-454E-4D23-AD12-BE90BF1E84ED}.Debug|Any CPU.ActiveCfg = Debug|Any CPU
		{6006E2D6-454E-4D23-AD12-BE90BF1E84ED}.Debug|Any CPU.Build.0 = Debug|Any CPU
		{6006E2D6-454E-4D23-AD12-BE90BF1E84ED}.Release|Any CPU.ActiveCfg = Release|Any CPU
		{6006E2D6-454E-4D23-AD12-BE90BF1E84ED}.Release|Any CPU.Build.0 = Release|Any CPU
	EndGlobalSection
	GlobalSection(SolutionProperties) = preSolution
		HideSolutionNode = FALSE
	EndGlobalSection
	GlobalSection(ExtensibilityGlobals) = postSolution
		SolutionGuid = {5BF38EE6-C8BD-4D5E-8507-76509C5FAEB3}
	EndGlobalSection
EndGlobal
